
Microsoft Visual Studio Solution File, Format Version 12.00
# Visual Studio 14
VisualStudioVersion = 14.0.23107.0
MinimumVisualStudioVersion = 10.0.40219.1
Project("{FAE04EC0-301F-11D3-BF4B-00C04F79EFBC}") = "XCLNetTools", "XCLNetTools\XCLNetTools.csproj", "{DA433855-693C-4C83-ABC4-D04ACB2EEC6C}"
EndProject
Project("{FAE04EC0-301F-11D3-BF4B-00C04F79EFBC}") = "TestWeb", "TestWeb\TestWeb.csproj", "{411D3FBD-D9F7-4FA9-8190-AA1945A9403B}"
EndProject
Global
	GlobalSection(SolutionConfigurationPlatforms) = preSolution
		Debug|Any CPU = Debug|Any CPU
		Release|Any CPU = Release|Any CPU
	EndGlobalSection
	GlobalSection(ProjectConfigurationPlatforms) = postSolution
		{DA433855-693C-4C83-ABC4-D04ACB2EEC6C}.Debug|Any CPU.ActiveCfg = Debug|Any CPU
		{DA433855-693C-4C83-ABC4-D04ACB2EEC6C}.Debug|Any CPU.Build.0 = Debug|Any CPU
		{DA433855-693C-4C83-ABC4-D04ACB2EEC6C}.Release|Any CPU.ActiveCfg = Release|Any CPU
		{DA433855-693C-4C83-ABC4-D04ACB2EEC6C}.Release|Any CPU.Build.0 = Release|Any CPU
		{411D3FBD-D9F7-4FA9-8190-AA1945A9403B}.Debug|Any CPU.ActiveCfg = Debug|Any CPU
		{411D3FBD-D9F7-4FA9-8190-AA1945A9403B}.Debug|Any CPU.Build.0 = Debug|Any CPU
		{411D3FBD-D9F7-4FA9-8190-AA1945A9403B}.Release|Any CPU.ActiveCfg = Release|Any CPU
		{411D3FBD-D9F7-4FA9-8190-AA1945A9403B}.Release|Any CPU.Build.0 = Release|Any CPU
	EndGlobalSection
	GlobalSection(SolutionProperties) = preSolution
		HideSolutionNode = FALSE
	EndGlobalSection
EndGlobal
